
Microsoft Visual Studio Solution File, Format Version 12.00
Project("{2150E333-8FDC-42A3-9474-1A3956D46DE8}") = "Day01", "Day01", "{3C09DF99-535B-4831-ADC5-F6D25481621F}"
EndProject
Project("{2150E333-8FDC-42A3-9474-1A3956D46DE8}") = "Day02", "Day02", "{DC290C80-02AB-49FE-9A8F-A70E7A6CC738}"
EndProject
Project("{FAE04EC0-301F-11D3-BF4B-00C04F79EFBC}") = "Day01", "Day01\Day01.csproj", "{F7AC53A2-06A0-467C-AD3F-4CC45BDEDDAC}"
EndProject
Project("{FAE04EC0-301F-11D3-BF4B-00C04F79EFBC}") = "Day01_Exercise", "Day01_Exercise\Day01_Exercise.csproj", "{F6ED54B5-0EF0-4D76-8AEA-1EE8102FD799}"
EndProject
Project("{FAE04EC0-301F-11D3-BF4B-00C04F79EFBC}") = "Day02", "Day02\Day02.csproj", "{2B313B90-F0FE-4A87-A0B0-C755A97A318A}"
EndProject
Project("{2150E333-8FDC-42A3-9474-1A3956D46DE8}") = "Day03", "Day03", "{A6FFD3FB-7EDD-4FE6-9A08-9A4AD93CA5A3}"
EndProject
Project("{FAE04EC0-301F-11D3-BF4B-00C04F79EFBC}") = "Day03", "Day03\Day03.csproj", "{50306694-A457-41E7-8608-6F20E6BC1A12}"
EndProject
Project("{2150E333-8FDC-42A3-9474-1A3956D46DE8}") = "Day04", "Day04", "{5CCDF09D-E276-48AC-B7D8-CF61DED2420D}"
EndProject
Project("{FAE04EC0-301F-11D3-BF4B-00C04F79EFBC}") = "Day04", "Day04\Day04.csproj", "{199F7188-CFC4-4D5F-80E9-83AFCC6FB4A4}"
EndProject
Project("{2150E333-8FDC-42A3-9474-1A3956D46DE8}") = "Day05", "Day05", "{D5854BC2-9B23-40D2-BECC-B1348CED1410}"
EndProject
Project("{FAE04EC0-301F-11D3-BF4B-00C04F79EFBC}") = "Day05", "Day05\Day05.csproj", "{A2AC2B84-971D-4528-BD13-459E00B3BB30}"
EndProject
Global
	GlobalSection(SolutionConfigurationPlatforms) = preSolution
		Debug|Any CPU = Debug|Any CPU
		Release|Any CPU = Release|Any CPU
	EndGlobalSection
	GlobalSection(NestedProjects) = preSolution
		{F7AC53A2-06A0-467C-AD3F-4CC45BDEDDAC} = {3C09DF99-535B-4831-ADC5-F6D25481621F}
		{F6ED54B5-0EF0-4D76-8AEA-1EE8102FD799} = {3C09DF99-535B-4831-ADC5-F6D25481621F}
		{2B313B90-F0FE-4A87-A0B0-C755A97A318A} = {DC290C80-02AB-49FE-9A8F-A70E7A6CC738}
		{50306694-A457-41E7-8608-6F20E6BC1A12} = {A6FFD3FB-7EDD-4FE6-9A08-9A4AD93CA5A3}
		{199F7188-CFC4-4D5F-80E9-83AFCC6FB4A4} = {5CCDF09D-E276-48AC-B7D8-CF61DED2420D}
		{A2AC2B84-971D-4528-BD13-459E00B3BB30} = {D5854BC2-9B23-40D2-BECC-B1348CED1410}
	EndGlobalSection
	GlobalSection(ProjectConfigurationPlatforms) = postSolution
		{F7AC53A2-06A0-467C-AD3F-4CC45BDEDDAC}.Debug|Any CPU.ActiveCfg = Debug|Any CPU
		{F7AC53A2-06A0-467C-AD3F-4CC45BDEDDAC}.Debug|Any CPU.Build.0 = Debug|Any CPU
		{F7AC53A2-06A0-467C-AD3F-4CC45BDEDDAC}.Release|Any CPU.ActiveCfg = Release|Any CPU
		{F7AC53A2-06A0-467C-AD3F-4CC45BDEDDAC}.Release|Any CPU.Build.0 = Release|Any CPU
		{F6ED54B5-0EF0-4D76-8AEA-1EE8102FD799}.Debug|Any CPU.ActiveCfg = Debug|Any CPU
		{F6ED54B5-0EF0-4D76-8AEA-1EE8102FD799}.Debug|Any CPU.Build.0 = Debug|Any CPU
		{F6ED54B5-0EF0-4D76-8AEA-1EE8102FD799}.Release|Any CPU.ActiveCfg = Release|Any CPU
		{F6ED54B5-0EF0-4D76-8AEA-1EE8102FD799}.Release|Any CPU.Build.0 = Release|Any CPU
		{2B313B90-F0FE-4A87-A0B0-C755A97A318A}.Debug|Any CPU.ActiveCfg = Debug|Any CPU
		{2B313B90-F0FE-4A87-A0B0-C755A97A318A}.Debug|Any CPU.Build.0 = Debug|Any CPU
		{2B313B90-F0FE-4A87-A0B0-C755A97A318A}.Release|Any CPU.ActiveCfg = Release|Any CPU
		{2B313B90-F0FE-4A87-A0B0-C755A97A318A}.Release|Any CPU.Build.0 = Release|Any CPU
		{50306694-A457-41E7-8608-6F20E6BC1A12}.Debug|Any CPU.ActiveCfg = Debug|Any CPU
		{50306694-A457-41E7-8608-6F20E6BC1A12}.Debug|Any CPU.Build.0 = Debug|Any CPU
		{50306694-A457-41E7-8608-6F20E6BC1A12}.Release|Any CPU.ActiveCfg = Release|Any CPU
		{50306694-A457-41E7-8608-6F20E6BC1A12}.Release|Any CPU.Build.0 = Release|Any CPU
		{199F7188-CFC4-4D5F-80E9-83AFCC6FB4A4}.Debug|Any CPU.ActiveCfg = Debug|Any CPU
		{199F7188-CFC4-4D5F-80E9-83AFCC6FB4A4}.Debug|Any CPU.Build.0 = Debug|Any CPU
		{199F7188-CFC4-4D5F-80E9-83AFCC6FB4A4}.Release|Any CPU.ActiveCfg = Release|Any CPU
		{199F7188-CFC4-4D5F-80E9-83AFCC6FB4A4}.Release|Any CPU.Build.0 = Release|Any CPU
		{A2AC2B84-971D-4528-BD13-459E00B3BB30}.Debug|Any CPU.ActiveCfg = Debug|Any CPU
		{A2AC2B84-971D-4528-BD13-459E00B3BB30}.Debug|Any CPU.Build.0 = Debug|Any CPU
		{A2AC2B84-971D-4528-BD13-459E00B3BB30}.Release|Any CPU.ActiveCfg = Release|Any CPU
		{A2AC2B84-971D-4528-BD13-459E00B3BB30}.Release|Any CPU.Build.0 = Release|Any CPU
	EndGlobalSection
EndGlobal
